
Microsoft Visual Studio Solution File, Format Version 12.00
# Visual Studio Version 17
VisualStudioVersion = 17.7.34221.43
MinimumVisualStudioVersion = 10.0.40219.1
Project("{FAE04EC0-301F-11D3-BF4B-00C04F79EFBC}") = "WpfApp3", "WpfApp3\WpfApp3.csproj", "{21F728D4-56CB-4C2D-81BF-66502A0E0E59}"
EndProject
Global
	GlobalSection(SolutionConfigurationPlatforms) = preSolution
		Debug|Any CPU = Debug|Any CPU
		Release|Any CPU = Release|Any CPU
	EndGlobalSection
	GlobalSection(ProjectConfigurationPlatforms) = postSolution
		{21F728D4-56CB-4C2D-81BF-66502A0E0E59}.Debug|Any CPU.ActiveCfg = Debug|Any CPU
		{21F728D4-56CB-4C2D-81BF-66502A0E0E59}.Debug|Any CPU.Build.0 = Debug|Any CPU
		{21F728D4-56CB-4C2D-81BF-66502A0E0E59}.Release|Any CPU.ActiveCfg = Release|Any CPU
		{21F728D4-56CB-4C2D-81BF-66502A0E0E59}.Release|Any CPU.Build.0 = Release|Any CPU
	EndGlobalSection
	GlobalSection(SolutionProperties) = preSolution
		HideSolutionNode = FALSE
	EndGlobalSection
	GlobalSection(ExtensibilityGlobals) = postSolution
		SolutionGuid = {E1451813-D430-4AC1-829D-FF5D3431BC6A}
	EndGlobalSection
EndGlobal
